
Microsoft Visual Studio Solution File, Format Version 12.00
# Visual Studio Version 16
VisualStudioVersion = 16.0.29009.5
MinimumVisualStudioVersion = 10.0.40219.1
Project("{2150E333-8FDC-42A3-9474-1A3956D46DE8}") = "Files", "Files", "{4CE9F6E8-C486-440B-8EA9-3A8194C84DEE}"
	ProjectSection(SolutionItems) = preProject
		CoverTests.cmd = CoverTests.cmd
		..\LICENSE = ..\LICENSE
		..\README.md = ..\README.md
		RunTests.cmd = RunTests.cmd
	EndProjectSection
EndProject
Project("{2150E333-8FDC-42A3-9474-1A3956D46DE8}") = "Build", "Build", "{3C7ED2C3-143B-4AA5-9490-60829ECA8C45}"
	ProjectSection(SolutionItems) = preProject
		..\azure-pipelines.yml = ..\azure-pipelines.yml
		..\Build\Build.cake = ..\Build\Build.cake
		..\Build\build.ps1 = ..\Build\build.ps1
		..\Build\SimpleBuild.ps1 = ..\Build\SimpleBuild.ps1
	EndProjectSection
EndProject
Project("{FAE04EC0-301F-11D3-BF4B-00C04F79EFBC}") = "AgileCardsPrinting", "AgileCardsPrinting\AgileCardsPrinting.csproj", "{D15B95E8-D39F-4126-B459-A0E2ECDD9E3D}"
EndProject
Project("{FAE04EC0-301F-11D3-BF4B-00C04F79EFBC}") = "AgileCardsPrinting.Tests", "AgileCardsPrinting.Tests\AgileCardsPrinting.Tests.csproj", "{9A6D415D-6D59-479D-ABDE-0F9D0BC2995E}"
EndProject
Project("{9A19103F-16F7-4668-BE54-9A1E7A4F7556}") = "AgileCards.Common", "AgileCards.Common\AgileCards.Common.csproj", "{A4F0BFD3-C139-4536-AA95-720981AA7C38}"
EndProject
Project("{9A19103F-16F7-4668-BE54-9A1E7A4F7556}") = "AgileCards.JiraIntegration", "AgileCards.JiraIntegration\AgileCards.JiraIntegration.csproj", "{0D1D0A0F-3A04-41A2-88A2-15AB78A0E28A}"
EndProject
Project("{9A19103F-16F7-4668-BE54-9A1E7A4F7556}") = "AgileCards.GithubIntegration", "AgileCards.GithubIntegration\AgileCards.GithubIntegration.csproj", "{45EDDD71-1CCC-4A20-89E9-41897ECC8CF1}"
EndProject
Project("{9A19103F-16F7-4668-BE54-9A1E7A4F7556}") = "AgileCards.YouTrackIntegration", "AgileCards.YouTrackIntegration\AgileCards.YouTrackIntegration.csproj", "{1D0C046A-3899-4975-8A8F-2BB1DAC92742}"
EndProject
Global
	GlobalSection(SolutionConfigurationPlatforms) = preSolution
		Debug|Any CPU = Debug|Any CPU
		Debug|x86 = Debug|x86
		Release|Any CPU = Release|Any CPU
		Release|x86 = Release|x86
	EndGlobalSection
	GlobalSection(ProjectConfigurationPlatforms) = postSolution
		{D15B95E8-D39F-4126-B459-A0E2ECDD9E3D}.Debug|Any CPU.ActiveCfg = Debug|Any CPU
		{D15B95E8-D39F-4126-B459-A0E2ECDD9E3D}.Debug|Any CPU.Build.0 = Debug|Any CPU
		{D15B95E8-D39F-4126-B459-A0E2ECDD9E3D}.Debug|x86.ActiveCfg = Debug|Any CPU
		{D15B95E8-D39F-4126-B459-A0E2ECDD9E3D}.Debug|x86.Build.0 = Debug|Any CPU
		{D15B95E8-D39F-4126-B459-A0E2ECDD9E3D}.Release|Any CPU.ActiveCfg = Release|Any CPU
		{D15B95E8-D39F-4126-B459-A0E2ECDD9E3D}.Release|Any CPU.Build.0 = Release|Any CPU
		{D15B95E8-D39F-4126-B459-A0E2ECDD9E3D}.Release|x86.ActiveCfg = Release|Any CPU
		{D15B95E8-D39F-4126-B459-A0E2ECDD9E3D}.Release|x86.Build.0 = Release|Any CPU
		{9A6D415D-6D59-479D-ABDE-0F9D0BC2995E}.Debug|Any CPU.ActiveCfg = Debug|Any CPU
		{9A6D415D-6D59-479D-ABDE-0F9D0BC2995E}.Debug|Any CPU.Build.0 = Debug|Any CPU
		{9A6D415D-6D59-479D-ABDE-0F9D0BC2995E}.Debug|x86.ActiveCfg = Debug|Any CPU
		{9A6D415D-6D59-479D-ABDE-0F9D0BC2995E}.Debug|x86.Build.0 = Debug|Any CPU
		{9A6D415D-6D59-479D-ABDE-0F9D0BC2995E}.Release|Any CPU.ActiveCfg = Release|Any CPU
		{9A6D415D-6D59-479D-ABDE-0F9D0BC2995E}.Release|Any CPU.Build.0 = Release|Any CPU
		{9A6D415D-6D59-479D-ABDE-0F9D0BC2995E}.Release|x86.ActiveCfg = Release|Any CPU
		{9A6D415D-6D59-479D-ABDE-0F9D0BC2995E}.Release|x86.Build.0 = Release|Any CPU
		{A4F0BFD3-C139-4536-AA95-720981AA7C38}.Debug|Any CPU.ActiveCfg = Debug|Any CPU
		{A4F0BFD3-C139-4536-AA95-720981AA7C38}.Debug|Any CPU.Build.0 = Debug|Any CPU
		{A4F0BFD3-C139-4536-AA95-720981AA7C38}.Debug|x86.ActiveCfg = Debug|Any CPU
		{A4F0BFD3-C139-4536-AA95-720981AA7C38}.Debug|x86.Build.0 = Debug|Any CPU
		{A4F0BFD3-C139-4536-AA95-720981AA7C38}.Release|Any CPU.ActiveCfg = Release|Any CPU
		{A4F0BFD3-C139-4536-AA95-720981AA7C38}.Release|Any CPU.Build.0 = Release|Any CPU
		{A4F0BFD3-C139-4536-AA95-720981AA7C38}.Release|x86.ActiveCfg = Release|Any CPU
		{A4F0BFD3-C139-4536-AA95-720981AA7C38}.Release|x86.Build.0 = Release|Any CPU
		{0D1D0A0F-3A04-41A2-88A2-15AB78A0E28A}.Debug|Any CPU.ActiveCfg = Debug|Any CPU
		{0D1D0A0F-3A04-41A2-88A2-15AB78A0E28A}.Debug|Any CPU.Build.0 = Debug|Any CPU
		{0D1D0A0F-3A04-41A2-88A2-15AB78A0E28A}.Debug|x86.ActiveCfg = Debug|Any CPU
		{0D1D0A0F-3A04-41A2-88A2-15AB78A0E28A}.Debug|x86.Build.0 = Debug|Any CPU
		{0D1D0A0F-3A04-41A2-88A2-15AB78A0E28A}.Release|Any CPU.ActiveCfg = Release|Any CPU
		{0D1D0A0F-3A04-41A2-88A2-15AB78A0E28A}.Release|Any CPU.Build.0 = Release|Any CPU
		{0D1D0A0F-3A04-41A2-88A2-15AB78A0E28A}.Release|x86.ActiveCfg = Release|Any CPU
		{0D1D0A0F-3A04-41A2-88A2-15AB78A0E28A}.Release|x86.Build.0 = Release|Any CPU
		{45EDDD71-1CCC-4A20-89E9-41897ECC8CF1}.Debug|Any CPU.ActiveCfg = Debug|Any CPU
		{45EDDD71-1CCC-4A20-89E9-41897ECC8CF1}.Debug|Any CPU.Build.0 = Debug|Any CPU
		{45EDDD71-1CCC-4A20-89E9-41897ECC8CF1}.Debug|x86.ActiveCfg = Debug|Any CPU
		{45EDDD71-1CCC-4A20-89E9-41897ECC8CF1}.Debug|x86.Build.0 = Debug|Any CPU
		{45EDDD71-1CCC-4A20-89E9-41897ECC8CF1}.Release|Any CPU.ActiveCfg = Release|Any CPU
		{45EDDD71-1CCC-4A20-89E9-41897ECC8CF1}.Release|Any CPU.Build.0 = Release|Any CPU
		{45EDDD71-1CCC-4A20-89E9-41897ECC8CF1}.Release|x86.ActiveCfg = Release|Any CPU
		{45EDDD71-1CCC-4A20-89E9-41897ECC8CF1}.Release|x86.Build.0 = Release|Any CPU
		{1D0C046A-3899-4975-8A8F-2BB1DAC92742}.Debug|Any CPU.ActiveCfg = Debug|Any CPU
		{1D0C046A-3899-4975-8A8F-2BB1DAC92742}.Debug|Any CPU.Build.0 = Debug|Any CPU
		{1D0C046A-3899-4975-8A8F-2BB1DAC92742}.Debug|x86.ActiveCfg = Debug|Any CPU
		{1D0C046A-3899-4975-8A8F-2BB1DAC92742}.Debug|x86.Build.0 = Debug|Any CPU
		{1D0C046A-3899-4975-8A8F-2BB1DAC92742}.Release|Any CPU.ActiveCfg = Release|Any CPU
		{1D0C046A-3899-4975-8A8F-2BB1DAC92742}.Release|Any CPU.Build.0 = Release|Any CPU
		{1D0C046A-3899-4975-8A8F-2BB1DAC92742}.Release|x86.ActiveCfg = Release|Any CPU
		{1D0C046A-3899-4975-8A8F-2BB1DAC92742}.Release|x86.Build.0 = Release|Any CPU
	EndGlobalSection
	GlobalSection(SolutionProperties) = preSolution
		HideSolutionNode = FALSE
	EndGlobalSection
	GlobalSection(ExtensibilityGlobals) = postSolution
		SolutionGuid = {76257B2A-2BC3-4A41-9E41-B8E3902C0140}
	EndGlobalSection
EndGlobal
